
Microsoft Visual Studio Solution File, Format Version 12.00
# Visual Studio 2012
Project("{FAE04EC0-301F-11D3-BF4B-00C04F79EFBC}") = "MvcApplication1", "MvcApplication1\MvcApplication1.csproj", "{FDBE3781-9399-4DF6-9D6A-C6BCA5D476E4}"
EndProject
Project("{FAE04EC0-301F-11D3-BF4B-00C04F79EFBC}") = "MvcApplication1.Tests", "MvcApplication1.Tests\MvcApplication1.Tests.csproj", "{069DB725-E8E4-4A03-A72B-9C4BE9772DBD}"
EndProject
Global
	GlobalSection(SolutionConfigurationPlatforms) = preSolution
		Debug|Any CPU = Debug|Any CPU
		Release|Any CPU = Release|Any CPU
	EndGlobalSection
	GlobalSection(ProjectConfigurationPlatforms) = postSolution
		{FDBE3781-9399-4DF6-9D6A-C6BCA5D476E4}.Debug|Any CPU.ActiveCfg = Debug|Any CPU
		{FDBE3781-9399-4DF6-9D6A-C6BCA5D476E4}.Debug|Any CPU.Build.0 = Debug|Any CPU
		{FDBE3781-9399-4DF6-9D6A-C6BCA5D476E4}.Release|Any CPU.ActiveCfg = Release|Any CPU
		{FDBE3781-9399-4DF6-9D6A-C6BCA5D476E4}.Release|Any CPU.Build.0 = Release|Any CPU
		{069DB725-E8E4-4A03-A72B-9C4BE9772DBD}.Debug|Any CPU.ActiveCfg = Debug|Any CPU
		{069DB725-E8E4-4A03-A72B-9C4BE9772DBD}.Debug|Any CPU.Build.0 = Debug|Any CPU
		{069DB725-E8E4-4A03-A72B-9C4BE9772DBD}.Release|Any CPU.ActiveCfg = Release|Any CPU
		{069DB725-E8E4-4A03-A72B-9C4BE9772DBD}.Release|Any CPU.Build.0 = Release|Any CPU
	EndGlobalSection
	GlobalSection(SolutionProperties) = preSolution
		HideSolutionNode = FALSE
	EndGlobalSection
EndGlobal
